
Microsoft Visual Studio Solution File, Format Version 12.00
# Visual Studio Version 17
VisualStudioVersion = 17.0.31903.59
MinimumVisualStudioVersion = 10.0.40219.1
Project("{2150E333-8FDC-42A3-9474-1A3956D46DE8}") = "src", "src", "{33B02552-72FB-4B1F-BD1F-3F675051B501}"
EndProject
Project("{2150E333-8FDC-42A3-9474-1A3956D46DE8}") = "shared", "shared", "{F8BD6298-C80A-4CF0-AB45-BFE4A2F4D4FC}"
EndProject
Project("{FAE04EC0-301F-11D3-BF4B-00C04F79EFBC}") = "Tasman.Shared.Library", "src\shared\Tasman.Shared.Library\Tasman.Shared.Library.csproj", "{F2B7C1E4-74B3-46C5-B2F2-CED1A93574C0}"
EndProject
Project("{2150E333-8FDC-42A3-9474-1A3956D46DE8}") = "services", "services", "{D3BF27DF-D6FD-49DC-9CC8-316877FCE2B8}"
EndProject
Project("{2150E333-8FDC-42A3-9474-1A3956D46DE8}") = "domain", "domain", "{9D2B61C1-0FF3-48E2-972A-F55DBE7F6570}"
EndProject
Project("{FAE04EC0-301F-11D3-BF4B-00C04F79EFBC}") = "Tasman.Domain.API", "src\services\domain\Tasman.Domain.API\Tasman.Domain.API.csproj", "{AD092F8A-A69F-40A1-9A1A-B6130CEDF1A6}"
EndProject
Global
	GlobalSection(SolutionConfigurationPlatforms) = preSolution
		Debug|Any CPU = Debug|Any CPU
		Release|Any CPU = Release|Any CPU
	EndGlobalSection
	GlobalSection(SolutionProperties) = preSolution
		HideSolutionNode = FALSE
	EndGlobalSection
	GlobalSection(ProjectConfigurationPlatforms) = postSolution
		{F2B7C1E4-74B3-46C5-B2F2-CED1A93574C0}.Debug|Any CPU.ActiveCfg = Debug|Any CPU
		{F2B7C1E4-74B3-46C5-B2F2-CED1A93574C0}.Debug|Any CPU.Build.0 = Debug|Any CPU
		{F2B7C1E4-74B3-46C5-B2F2-CED1A93574C0}.Release|Any CPU.ActiveCfg = Release|Any CPU
		{F2B7C1E4-74B3-46C5-B2F2-CED1A93574C0}.Release|Any CPU.Build.0 = Release|Any CPU
		{AD092F8A-A69F-40A1-9A1A-B6130CEDF1A6}.Debug|Any CPU.ActiveCfg = Debug|Any CPU
		{AD092F8A-A69F-40A1-9A1A-B6130CEDF1A6}.Debug|Any CPU.Build.0 = Debug|Any CPU
		{AD092F8A-A69F-40A1-9A1A-B6130CEDF1A6}.Release|Any CPU.ActiveCfg = Release|Any CPU
		{AD092F8A-A69F-40A1-9A1A-B6130CEDF1A6}.Release|Any CPU.Build.0 = Release|Any CPU
	EndGlobalSection
	GlobalSection(NestedProjects) = preSolution
		{F8BD6298-C80A-4CF0-AB45-BFE4A2F4D4FC} = {33B02552-72FB-4B1F-BD1F-3F675051B501}
		{F2B7C1E4-74B3-46C5-B2F2-CED1A93574C0} = {F8BD6298-C80A-4CF0-AB45-BFE4A2F4D4FC}
		{D3BF27DF-D6FD-49DC-9CC8-316877FCE2B8} = {33B02552-72FB-4B1F-BD1F-3F675051B501}
		{9D2B61C1-0FF3-48E2-972A-F55DBE7F6570} = {D3BF27DF-D6FD-49DC-9CC8-316877FCE2B8}
		{AD092F8A-A69F-40A1-9A1A-B6130CEDF1A6} = {9D2B61C1-0FF3-48E2-972A-F55DBE7F6570}
	EndGlobalSection
EndGlobal
